
Microsoft Visual Studio Solution File, Format Version 11.00
# Visual Studio 2010
Project("{8BC9CEB8-8B4A-11D0-8D11-00A0C91BC942}") = "PForDelta", "PForDelta\PForDelta.vcxproj", "{6CC44509-9F54-41F4-BD31-C5B9B6C12EDE}"
EndProject
Global
	GlobalSection(SolutionConfigurationPlatforms) = preSolution
		Debug|Win32 = Debug|Win32
		Release|Win32 = Release|Win32
	EndGlobalSection
	GlobalSection(ProjectConfigurationPlatforms) = postSolution
		{6CC44509-9F54-41F4-BD31-C5B9B6C12EDE}.Debug|Win32.ActiveCfg = Debug|Win32
		{6CC44509-9F54-41F4-BD31-C5B9B6C12EDE}.Debug|Win32.Build.0 = Debug|Win32
		{6CC44509-9F54-41F4-BD31-C5B9B6C12EDE}.Release|Win32.ActiveCfg = Release|Win32
		{6CC44509-9F54-41F4-BD31-C5B9B6C12EDE}.Release|Win32.Build.0 = Release|Win32
	EndGlobalSection
	GlobalSection(SolutionProperties) = preSolution
		HideSolutionNode = FALSE
	EndGlobalSection
EndGlobal
